
Microsoft Visual Studio Solution File, Format Version 12.00
# Visual Studio Version 17
VisualStudioVersion = 17.5.33516.290
MinimumVisualStudioVersion = 10.0.40219.1
Project("{FAE04EC0-301F-11D3-BF4B-00C04F79EFBC}") = "BranchAndBound", "BranchAndBound\BranchAndBound.csproj", "{29A37111-7B12-406F-B440-0A86C323D33C}"
EndProject
Global
	GlobalSection(SolutionConfigurationPlatforms) = preSolution
		Debug|Any CPU = Debug|Any CPU
		Release|Any CPU = Release|Any CPU
	EndGlobalSection
	GlobalSection(ProjectConfigurationPlatforms) = postSolution
		{29A37111-7B12-406F-B440-0A86C323D33C}.Debug|Any CPU.ActiveCfg = Debug|Any CPU
		{29A37111-7B12-406F-B440-0A86C323D33C}.Debug|Any CPU.Build.0 = Debug|Any CPU
		{29A37111-7B12-406F-B440-0A86C323D33C}.Release|Any CPU.ActiveCfg = Release|Any CPU
		{29A37111-7B12-406F-B440-0A86C323D33C}.Release|Any CPU.Build.0 = Release|Any CPU
	EndGlobalSection
	GlobalSection(SolutionProperties) = preSolution
		HideSolutionNode = FALSE
	EndGlobalSection
	GlobalSection(ExtensibilityGlobals) = postSolution
		SolutionGuid = {4EBE19E7-EBCD-42AB-85D3-D4B776CFA131}
	EndGlobalSection
EndGlobal
